
Microsoft Visual Studio Solution File, Format Version 12.00
# Visual Studio 15
VisualStudioVersion = 15.0.27130.2026
MinimumVisualStudioVersion = 10.0.40219.1
Project("{FAE04EC0-301F-11D3-BF4B-00C04F79EFBC}") = "PAYROLLPORTAL", "PAYROLLPORTAL\PAYROLLPORTAL.csproj", "{E497D7B7-B3DC-4730-8597-A6D239690E35}"
EndProject
Project("{FAE04EC0-301F-11D3-BF4B-00C04F79EFBC}") = "APP_NOTIFICATION", "APP_NOTIFICATION\APP_NOTIFICATION.csproj", "{EA3D9B5D-96FB-4AC7-96CA-3A60E06062DF}"
EndProject
Project("{FAE04EC0-301F-11D3-BF4B-00C04F79EFBC}") = "APP_MODEL", "APP_MODEL\APP_MODEL.csproj", "{056BCC62-D607-4DFC-A7B9-C59D3223E241}"
EndProject
Project("{FAE04EC0-301F-11D3-BF4B-00C04F79EFBC}") = "APP_COMMON", "APP_COMMON\APP_COMMON.csproj", "{E8DE9DE0-0A8C-4E3C-8B1D-0012B64B5773}"
EndProject
Project("{FAE04EC0-301F-11D3-BF4B-00C04F79EFBC}") = "APP_CORE", "APP_CORE\APP_CORE.csproj", "{C6F60D33-88FE-49AE-939E-F6A0B7F2DF95}"
EndProject
Global
	GlobalSection(SolutionConfigurationPlatforms) = preSolution
		Debug|Any CPU = Debug|Any CPU
		Debug|x86 = Debug|x86
		Release|Any CPU = Release|Any CPU
		Release|x86 = Release|x86
	EndGlobalSection
	GlobalSection(ProjectConfigurationPlatforms) = postSolution
		{E497D7B7-B3DC-4730-8597-A6D239690E35}.Debug|Any CPU.ActiveCfg = Debug|Any CPU
		{E497D7B7-B3DC-4730-8597-A6D239690E35}.Debug|Any CPU.Build.0 = Debug|Any CPU
		{E497D7B7-B3DC-4730-8597-A6D239690E35}.Debug|x86.ActiveCfg = Debug|Any CPU
		{E497D7B7-B3DC-4730-8597-A6D239690E35}.Release|Any CPU.ActiveCfg = Release|Any CPU
		{E497D7B7-B3DC-4730-8597-A6D239690E35}.Release|Any CPU.Build.0 = Release|Any CPU
		{E497D7B7-B3DC-4730-8597-A6D239690E35}.Release|x86.ActiveCfg = Release|Any CPU
		{EA3D9B5D-96FB-4AC7-96CA-3A60E06062DF}.Debug|Any CPU.ActiveCfg = Debug|Any CPU
		{EA3D9B5D-96FB-4AC7-96CA-3A60E06062DF}.Debug|Any CPU.Build.0 = Debug|Any CPU
		{EA3D9B5D-96FB-4AC7-96CA-3A60E06062DF}.Debug|x86.ActiveCfg = Debug|x86
		{EA3D9B5D-96FB-4AC7-96CA-3A60E06062DF}.Debug|x86.Build.0 = Debug|x86
		{EA3D9B5D-96FB-4AC7-96CA-3A60E06062DF}.Release|Any CPU.ActiveCfg = Release|Any CPU
		{EA3D9B5D-96FB-4AC7-96CA-3A60E06062DF}.Release|Any CPU.Build.0 = Release|Any CPU
		{EA3D9B5D-96FB-4AC7-96CA-3A60E06062DF}.Release|x86.ActiveCfg = Release|x86
		{EA3D9B5D-96FB-4AC7-96CA-3A60E06062DF}.Release|x86.Build.0 = Release|x86
		{056BCC62-D607-4DFC-A7B9-C59D3223E241}.Debug|Any CPU.ActiveCfg = Debug|Any CPU
		{056BCC62-D607-4DFC-A7B9-C59D3223E241}.Debug|Any CPU.Build.0 = Debug|Any CPU
		{056BCC62-D607-4DFC-A7B9-C59D3223E241}.Debug|x86.ActiveCfg = Debug|Any CPU
		{056BCC62-D607-4DFC-A7B9-C59D3223E241}.Debug|x86.Build.0 = Debug|Any CPU
		{056BCC62-D607-4DFC-A7B9-C59D3223E241}.Release|Any CPU.ActiveCfg = Release|Any CPU
		{056BCC62-D607-4DFC-A7B9-C59D3223E241}.Release|Any CPU.Build.0 = Release|Any CPU
		{056BCC62-D607-4DFC-A7B9-C59D3223E241}.Release|x86.ActiveCfg = Release|Any CPU
		{056BCC62-D607-4DFC-A7B9-C59D3223E241}.Release|x86.Build.0 = Release|Any CPU
		{E8DE9DE0-0A8C-4E3C-8B1D-0012B64B5773}.Debug|Any CPU.ActiveCfg = Debug|Any CPU
		{E8DE9DE0-0A8C-4E3C-8B1D-0012B64B5773}.Debug|Any CPU.Build.0 = Debug|Any CPU
		{E8DE9DE0-0A8C-4E3C-8B1D-0012B64B5773}.Debug|x86.ActiveCfg = Debug|Any CPU
		{E8DE9DE0-0A8C-4E3C-8B1D-0012B64B5773}.Debug|x86.Build.0 = Debug|Any CPU
		{E8DE9DE0-0A8C-4E3C-8B1D-0012B64B5773}.Release|Any CPU.ActiveCfg = Release|Any CPU
		{E8DE9DE0-0A8C-4E3C-8B1D-0012B64B5773}.Release|Any CPU.Build.0 = Release|Any CPU
		{E8DE9DE0-0A8C-4E3C-8B1D-0012B64B5773}.Release|x86.ActiveCfg = Release|Any CPU
		{E8DE9DE0-0A8C-4E3C-8B1D-0012B64B5773}.Release|x86.Build.0 = Release|Any CPU
		{C6F60D33-88FE-49AE-939E-F6A0B7F2DF95}.Debug|Any CPU.ActiveCfg = Debug|Any CPU
		{C6F60D33-88FE-49AE-939E-F6A0B7F2DF95}.Debug|Any CPU.Build.0 = Debug|Any CPU
		{C6F60D33-88FE-49AE-939E-F6A0B7F2DF95}.Debug|x86.ActiveCfg = Debug|Any CPU
		{C6F60D33-88FE-49AE-939E-F6A0B7F2DF95}.Debug|x86.Build.0 = Debug|Any CPU
		{C6F60D33-88FE-49AE-939E-F6A0B7F2DF95}.Release|Any CPU.ActiveCfg = Release|Any CPU
		{C6F60D33-88FE-49AE-939E-F6A0B7F2DF95}.Release|Any CPU.Build.0 = Release|Any CPU
		{C6F60D33-88FE-49AE-939E-F6A0B7F2DF95}.Release|x86.ActiveCfg = Release|Any CPU
		{C6F60D33-88FE-49AE-939E-F6A0B7F2DF95}.Release|x86.Build.0 = Release|Any CPU
	EndGlobalSection
	GlobalSection(SolutionProperties) = preSolution
		HideSolutionNode = FALSE
	EndGlobalSection
	GlobalSection(ExtensibilityGlobals) = postSolution
		SolutionGuid = {52401D2F-48B2-4914-82FF-F98DF7725258}
	EndGlobalSection
EndGlobal
